
Microsoft Visual Studio Solution File, Format Version 12.00
# Visual Studio Version 17
VisualStudioVersion = 17.2.32616.157
MinimumVisualStudioVersion = 10.0.40219.1
Project("{9A19103F-16F7-4668-BE54-9A1E7A4F7556}") = "Salesflow.Task", "salesflow.task\Salesflow.Task.csproj", "{8F821368-7EFC-458D-879F-5C4C80B4739C}"
EndProject
Project("{FAE04EC0-301F-11D3-BF4B-00C04F79EFBC}") = "Salesflow.Task.Test", "Salesflow.Task.Test\Salesflow.Task.Test.csproj", "{5BA61145-64D6-4A2D-BB4F-BBDD802AC543}"
EndProject
Project("{FAE04EC0-301F-11D3-BF4B-00C04F79EFBC}") = "Salesflow.Task.Processor", "Salesflow.Task.Processor\Salesflow.Task.Processor.csproj", "{866F3A35-8D90-4A0E-A6F7-FDD0B55E7FE0}"
EndProject
Global
	GlobalSection(SolutionConfigurationPlatforms) = preSolution
		Debug|Any CPU = Debug|Any CPU
		Release|Any CPU = Release|Any CPU
	EndGlobalSection
	GlobalSection(ProjectConfigurationPlatforms) = postSolution
		{8F821368-7EFC-458D-879F-5C4C80B4739C}.Debug|Any CPU.ActiveCfg = Debug|Any CPU
		{8F821368-7EFC-458D-879F-5C4C80B4739C}.Debug|Any CPU.Build.0 = Debug|Any CPU
		{8F821368-7EFC-458D-879F-5C4C80B4739C}.Release|Any CPU.ActiveCfg = Release|Any CPU
		{8F821368-7EFC-458D-879F-5C4C80B4739C}.Release|Any CPU.Build.0 = Release|Any CPU
		{5BA61145-64D6-4A2D-BB4F-BBDD802AC543}.Debug|Any CPU.ActiveCfg = Debug|Any CPU
		{5BA61145-64D6-4A2D-BB4F-BBDD802AC543}.Debug|Any CPU.Build.0 = Debug|Any CPU
		{5BA61145-64D6-4A2D-BB4F-BBDD802AC543}.Release|Any CPU.ActiveCfg = Release|Any CPU
		{5BA61145-64D6-4A2D-BB4F-BBDD802AC543}.Release|Any CPU.Build.0 = Release|Any CPU
		{866F3A35-8D90-4A0E-A6F7-FDD0B55E7FE0}.Debug|Any CPU.ActiveCfg = Debug|Any CPU
		{866F3A35-8D90-4A0E-A6F7-FDD0B55E7FE0}.Debug|Any CPU.Build.0 = Debug|Any CPU
		{866F3A35-8D90-4A0E-A6F7-FDD0B55E7FE0}.Release|Any CPU.ActiveCfg = Release|Any CPU
		{866F3A35-8D90-4A0E-A6F7-FDD0B55E7FE0}.Release|Any CPU.Build.0 = Release|Any CPU
	EndGlobalSection
	GlobalSection(SolutionProperties) = preSolution
		HideSolutionNode = FALSE
	EndGlobalSection
	GlobalSection(ExtensibilityGlobals) = postSolution
		SolutionGuid = {6EFCB11D-47E5-459B-AEC8-29219E67BC11}
	EndGlobalSection
EndGlobal
